
Microsoft Visual Studio Solution File, Format Version 12.00
Project("{FAE04EC0-301F-11D3-BF4B-00C04F79EFBC}") = "jellybins.Core", "jellybins.Core\jellybins.Core.csproj", "{2ACA08B2-15D5-43E1-BB34-178290BDA3D1}"
EndProject
Project("{FAE04EC0-301F-11D3-BF4B-00C04F79EFBC}") = "jellybins.Fluent", "jellybins.Fluent\jellybins.Fluent.csproj", "{2224C081-E0EF-41D9-B665-8F9F2092508D}"
EndProject
Project("{FAE04EC0-301F-11D3-BF4B-00C04F79EFBC}") = "jellybins.Console", "jellybins.Console\jellybins.Console.csproj", "{06254270-9AE7-4DCF-941E-4EE998D48ECB}"
EndProject
Project("{FAE04EC0-301F-11D3-BF4B-00C04F79EFBC}") = "jellybins.Java", "jellybins.Java\jellybins.Java.csproj", "{993D3172-9F81-47C4-9F59-C5BAFD40D8C7}"
EndProject
Global
	GlobalSection(SolutionConfigurationPlatforms) = preSolution
		Debug|Any CPU = Debug|Any CPU
		Release|Any CPU = Release|Any CPU
	EndGlobalSection
	GlobalSection(ProjectConfigurationPlatforms) = postSolution
		{2ACA08B2-15D5-43E1-BB34-178290BDA3D1}.Debug|Any CPU.ActiveCfg = Debug|Any CPU
		{2ACA08B2-15D5-43E1-BB34-178290BDA3D1}.Debug|Any CPU.Build.0 = Debug|Any CPU
		{2ACA08B2-15D5-43E1-BB34-178290BDA3D1}.Release|Any CPU.ActiveCfg = Release|Any CPU
		{2ACA08B2-15D5-43E1-BB34-178290BDA3D1}.Release|Any CPU.Build.0 = Release|Any CPU
		{2224C081-E0EF-41D9-B665-8F9F2092508D}.Debug|Any CPU.ActiveCfg = Debug|Any CPU
		{2224C081-E0EF-41D9-B665-8F9F2092508D}.Debug|Any CPU.Build.0 = Debug|Any CPU
		{2224C081-E0EF-41D9-B665-8F9F2092508D}.Release|Any CPU.ActiveCfg = Release|Any CPU
		{2224C081-E0EF-41D9-B665-8F9F2092508D}.Release|Any CPU.Build.0 = Release|Any CPU
		{06254270-9AE7-4DCF-941E-4EE998D48ECB}.Debug|Any CPU.ActiveCfg = Debug|Any CPU
		{06254270-9AE7-4DCF-941E-4EE998D48ECB}.Debug|Any CPU.Build.0 = Debug|Any CPU
		{06254270-9AE7-4DCF-941E-4EE998D48ECB}.Release|Any CPU.ActiveCfg = Release|Any CPU
		{06254270-9AE7-4DCF-941E-4EE998D48ECB}.Release|Any CPU.Build.0 = Release|Any CPU
		{993D3172-9F81-47C4-9F59-C5BAFD40D8C7}.Debug|Any CPU.ActiveCfg = Debug|Any CPU
		{993D3172-9F81-47C4-9F59-C5BAFD40D8C7}.Debug|Any CPU.Build.0 = Debug|Any CPU
		{993D3172-9F81-47C4-9F59-C5BAFD40D8C7}.Release|Any CPU.ActiveCfg = Release|Any CPU
		{993D3172-9F81-47C4-9F59-C5BAFD40D8C7}.Release|Any CPU.Build.0 = Release|Any CPU
	EndGlobalSection
EndGlobal
